
Microsoft Visual Studio Solution File, Format Version 12.00
# Visual Studio Version 17
VisualStudioVersion = 17.1.32414.318
MinimumVisualStudioVersion = 10.0.40219.1
Project("{FAE04EC0-301F-11D3-BF4B-00C04F79EFBC}") = "Semana1Franklin.Android", "Semana1Franklin.Android\Semana1Franklin.Android.csproj", "{7B2BDBF4-94A6-4059-BB38-1C74E6091522}"
EndProject
Project("{FAE04EC0-301F-11D3-BF4B-00C04F79EFBC}") = "Semana1Franklin.iOS", "Semana1Franklin.iOS\Semana1Franklin.iOS.csproj", "{376049A5-CCBF-41D5-AEB9-D4F936D5B0A6}"
EndProject
Project("{FAE04EC0-301F-11D3-BF4B-00C04F79EFBC}") = "Semana1Franklin", "Semana1Franklin\Semana1Franklin.csproj", "{61ADF600-0353-4FE1-BCA9-A141DBF9CBD8}"
EndProject
Global
	GlobalSection(SolutionConfigurationPlatforms) = preSolution
		Debug|Any CPU = Debug|Any CPU
		Debug|iPhone = Debug|iPhone
		Debug|iPhoneSimulator = Debug|iPhoneSimulator
		Release|Any CPU = Release|Any CPU
		Release|iPhone = Release|iPhone
		Release|iPhoneSimulator = Release|iPhoneSimulator
	EndGlobalSection
	GlobalSection(ProjectConfigurationPlatforms) = postSolution
		{7B2BDBF4-94A6-4059-BB38-1C74E6091522}.Debug|Any CPU.ActiveCfg = Debug|Any CPU
		{7B2BDBF4-94A6-4059-BB38-1C74E6091522}.Debug|Any CPU.Build.0 = Debug|Any CPU
		{7B2BDBF4-94A6-4059-BB38-1C74E6091522}.Debug|Any CPU.Deploy.0 = Debug|Any CPU
		{7B2BDBF4-94A6-4059-BB38-1C74E6091522}.Debug|iPhone.ActiveCfg = Debug|Any CPU
		{7B2BDBF4-94A6-4059-BB38-1C74E6091522}.Debug|iPhone.Build.0 = Debug|Any CPU
		{7B2BDBF4-94A6-4059-BB38-1C74E6091522}.Debug|iPhone.Deploy.0 = Debug|Any CPU
		{7B2BDBF4-94A6-4059-BB38-1C74E6091522}.Debug|iPhoneSimulator.ActiveCfg = Debug|Any CPU
		{7B2BDBF4-94A6-4059-BB38-1C74E6091522}.Debug|iPhoneSimulator.Build.0 = Debug|Any CPU
		{7B2BDBF4-94A6-4059-BB38-1C74E6091522}.Debug|iPhoneSimulator.Deploy.0 = Debug|Any CPU
		{7B2BDBF4-94A6-4059-BB38-1C74E6091522}.Release|Any CPU.ActiveCfg = Release|Any CPU
		{7B2BDBF4-94A6-4059-BB38-1C74E6091522}.Release|Any CPU.Build.0 = Release|Any CPU
		{7B2BDBF4-94A6-4059-BB38-1C74E6091522}.Release|Any CPU.Deploy.0 = Release|Any CPU
		{7B2BDBF4-94A6-4059-BB38-1C74E6091522}.Release|iPhone.ActiveCfg = Release|Any CPU
		{7B2BDBF4-94A6-4059-BB38-1C74E6091522}.Release|iPhone.Build.0 = Release|Any CPU
		{7B2BDBF4-94A6-4059-BB38-1C74E6091522}.Release|iPhone.Deploy.0 = Release|Any CPU
		{7B2BDBF4-94A6-4059-BB38-1C74E6091522}.Release|iPhoneSimulator.ActiveCfg = Release|Any CPU
		{7B2BDBF4-94A6-4059-BB38-1C74E6091522}.Release|iPhoneSimulator.Build.0 = Release|Any CPU
		{7B2BDBF4-94A6-4059-BB38-1C74E6091522}.Release|iPhoneSimulator.Deploy.0 = Release|Any CPU
		{376049A5-CCBF-41D5-AEB9-D4F936D5B0A6}.Debug|Any CPU.ActiveCfg = Debug|iPhone
		{376049A5-CCBF-41D5-AEB9-D4F936D5B0A6}.Debug|Any CPU.Build.0 = Debug|iPhone
		{376049A5-CCBF-41D5-AEB9-D4F936D5B0A6}.Debug|Any CPU.Deploy.0 = Debug|iPhone
		{376049A5-CCBF-41D5-AEB9-D4F936D5B0A6}.Debug|iPhone.ActiveCfg = Debug|iPhone
		{376049A5-CCBF-41D5-AEB9-D4F936D5B0A6}.Debug|iPhone.Build.0 = Debug|iPhone
		{376049A5-CCBF-41D5-AEB9-D4F936D5B0A6}.Debug|iPhone.Deploy.0 = Debug|iPhone
		{376049A5-CCBF-41D5-AEB9-D4F936D5B0A6}.Debug|iPhoneSimulator.ActiveCfg = Debug|iPhoneSimulator
		{376049A5-CCBF-41D5-AEB9-D4F936D5B0A6}.Debug|iPhoneSimulator.Build.0 = Debug|iPhoneSimulator
		{376049A5-CCBF-41D5-AEB9-D4F936D5B0A6}.Debug|iPhoneSimulator.Deploy.0 = Debug|iPhoneSimulator
		{376049A5-CCBF-41D5-AEB9-D4F936D5B0A6}.Release|Any CPU.ActiveCfg = Release|iPhoneSimulator
		{376049A5-CCBF-41D5-AEB9-D4F936D5B0A6}.Release|Any CPU.Build.0 = Release|iPhoneSimulator
		{376049A5-CCBF-41D5-AEB9-D4F936D5B0A6}.Release|Any CPU.Deploy.0 = Release|iPhoneSimulator
		{376049A5-CCBF-41D5-AEB9-D4F936D5B0A6}.Release|iPhone.ActiveCfg = Release|iPhone
		{376049A5-CCBF-41D5-AEB9-D4F936D5B0A6}.Release|iPhone.Build.0 = Release|iPhone
		{376049A5-CCBF-41D5-AEB9-D4F936D5B0A6}.Release|iPhone.Deploy.0 = Release|iPhone
		{376049A5-CCBF-41D5-AEB9-D4F936D5B0A6}.Release|iPhoneSimulator.ActiveCfg = Release|iPhoneSimulator
		{376049A5-CCBF-41D5-AEB9-D4F936D5B0A6}.Release|iPhoneSimulator.Build.0 = Release|iPhoneSimulator
		{376049A5-CCBF-41D5-AEB9-D4F936D5B0A6}.Release|iPhoneSimulator.Deploy.0 = Release|iPhoneSimulator
		{61ADF600-0353-4FE1-BCA9-A141DBF9CBD8}.Debug|Any CPU.ActiveCfg = Debug|Any CPU
		{61ADF600-0353-4FE1-BCA9-A141DBF9CBD8}.Debug|Any CPU.Build.0 = Debug|Any CPU
		{61ADF600-0353-4FE1-BCA9-A141DBF9CBD8}.Debug|Any CPU.Deploy.0 = Debug|Any CPU
		{61ADF600-0353-4FE1-BCA9-A141DBF9CBD8}.Debug|iPhone.ActiveCfg = Debug|Any CPU
		{61ADF600-0353-4FE1-BCA9-A141DBF9CBD8}.Debug|iPhone.Build.0 = Debug|Any CPU
		{61ADF600-0353-4FE1-BCA9-A141DBF9CBD8}.Debug|iPhone.Deploy.0 = Debug|Any CPU
		{61ADF600-0353-4FE1-BCA9-A141DBF9CBD8}.Debug|iPhoneSimulator.ActiveCfg = Debug|Any CPU
		{61ADF600-0353-4FE1-BCA9-A141DBF9CBD8}.Debug|iPhoneSimulator.Build.0 = Debug|Any CPU
		{61ADF600-0353-4FE1-BCA9-A141DBF9CBD8}.Debug|iPhoneSimulator.Deploy.0 = Debug|Any CPU
		{61ADF600-0353-4FE1-BCA9-A141DBF9CBD8}.Release|Any CPU.ActiveCfg = Release|Any CPU
		{61ADF600-0353-4FE1-BCA9-A141DBF9CBD8}.Release|Any CPU.Build.0 = Release|Any CPU
		{61ADF600-0353-4FE1-BCA9-A141DBF9CBD8}.Release|Any CPU.Deploy.0 = Release|Any CPU
		{61ADF600-0353-4FE1-BCA9-A141DBF9CBD8}.Release|iPhone.ActiveCfg = Release|Any CPU
		{61ADF600-0353-4FE1-BCA9-A141DBF9CBD8}.Release|iPhone.Build.0 = Release|Any CPU
		{61ADF600-0353-4FE1-BCA9-A141DBF9CBD8}.Release|iPhone.Deploy.0 = Release|Any CPU
		{61ADF600-0353-4FE1-BCA9-A141DBF9CBD8}.Release|iPhoneSimulator.ActiveCfg = Release|Any CPU
		{61ADF600-0353-4FE1-BCA9-A141DBF9CBD8}.Release|iPhoneSimulator.Build.0 = Release|Any CPU
		{61ADF600-0353-4FE1-BCA9-A141DBF9CBD8}.Release|iPhoneSimulator.Deploy.0 = Release|Any CPU
	EndGlobalSection
	GlobalSection(SolutionProperties) = preSolution
		HideSolutionNode = FALSE
	EndGlobalSection
	GlobalSection(ExtensibilityGlobals) = postSolution
		SolutionGuid = {EDCE2143-7CB7-411E-8338-4DD327653AE6}
	EndGlobalSection
EndGlobal
